
Microsoft Visual Studio Solution File, Format Version 12.00
# Visual Studio Version 17
VisualStudioVersion = 17.2.32526.322
MinimumVisualStudioVersion = 10.0.40219.1
Project("{FAE04EC0-301F-11D3-BF4B-00C04F79EFBC}") = "App_renta_libros.Android", "App_renta_libros\App_renta_libros.Android\App_renta_libros.Android.csproj", "{8B1F3B9E-D204-424B-9B83-C387A9FEA667}"
EndProject
Project("{FAE04EC0-301F-11D3-BF4B-00C04F79EFBC}") = "App_renta_libros.iOS", "App_renta_libros\App_renta_libros.iOS\App_renta_libros.iOS.csproj", "{E05EEDEC-ECA0-4D16-9F3B-C87E3E529DC7}"
EndProject
Project("{FAE04EC0-301F-11D3-BF4B-00C04F79EFBC}") = "App_renta_libros", "App_renta_libros\App_renta_libros\App_renta_libros.csproj", "{4EB86F5E-5384-4983-A2E3-A79F04F022FE}"
EndProject
Global
	GlobalSection(SolutionConfigurationPlatforms) = preSolution
		Debug|Any CPU = Debug|Any CPU
		Debug|iPhone = Debug|iPhone
		Debug|iPhoneSimulator = Debug|iPhoneSimulator
		Release|Any CPU = Release|Any CPU
		Release|iPhone = Release|iPhone
		Release|iPhoneSimulator = Release|iPhoneSimulator
	EndGlobalSection
	GlobalSection(ProjectConfigurationPlatforms) = postSolution
		{8B1F3B9E-D204-424B-9B83-C387A9FEA667}.Debug|Any CPU.ActiveCfg = Debug|Any CPU
		{8B1F3B9E-D204-424B-9B83-C387A9FEA667}.Debug|Any CPU.Build.0 = Debug|Any CPU
		{8B1F3B9E-D204-424B-9B83-C387A9FEA667}.Debug|Any CPU.Deploy.0 = Debug|Any CPU
		{8B1F3B9E-D204-424B-9B83-C387A9FEA667}.Debug|iPhone.ActiveCfg = Debug|Any CPU
		{8B1F3B9E-D204-424B-9B83-C387A9FEA667}.Debug|iPhone.Build.0 = Debug|Any CPU
		{8B1F3B9E-D204-424B-9B83-C387A9FEA667}.Debug|iPhone.Deploy.0 = Debug|Any CPU
		{8B1F3B9E-D204-424B-9B83-C387A9FEA667}.Debug|iPhoneSimulator.ActiveCfg = Debug|Any CPU
		{8B1F3B9E-D204-424B-9B83-C387A9FEA667}.Debug|iPhoneSimulator.Build.0 = Debug|Any CPU
		{8B1F3B9E-D204-424B-9B83-C387A9FEA667}.Debug|iPhoneSimulator.Deploy.0 = Debug|Any CPU
		{8B1F3B9E-D204-424B-9B83-C387A9FEA667}.Release|Any CPU.ActiveCfg = Release|Any CPU
		{8B1F3B9E-D204-424B-9B83-C387A9FEA667}.Release|Any CPU.Build.0 = Release|Any CPU
		{8B1F3B9E-D204-424B-9B83-C387A9FEA667}.Release|Any CPU.Deploy.0 = Release|Any CPU
		{8B1F3B9E-D204-424B-9B83-C387A9FEA667}.Release|iPhone.ActiveCfg = Release|Any CPU
		{8B1F3B9E-D204-424B-9B83-C387A9FEA667}.Release|iPhone.Build.0 = Release|Any CPU
		{8B1F3B9E-D204-424B-9B83-C387A9FEA667}.Release|iPhone.Deploy.0 = Release|Any CPU
		{8B1F3B9E-D204-424B-9B83-C387A9FEA667}.Release|iPhoneSimulator.ActiveCfg = Release|Any CPU
		{8B1F3B9E-D204-424B-9B83-C387A9FEA667}.Release|iPhoneSimulator.Build.0 = Release|Any CPU
		{8B1F3B9E-D204-424B-9B83-C387A9FEA667}.Release|iPhoneSimulator.Deploy.0 = Release|Any CPU
		{E05EEDEC-ECA0-4D16-9F3B-C87E3E529DC7}.Debug|Any CPU.ActiveCfg = Debug|iPhone
		{E05EEDEC-ECA0-4D16-9F3B-C87E3E529DC7}.Debug|Any CPU.Build.0 = Debug|iPhone
		{E05EEDEC-ECA0-4D16-9F3B-C87E3E529DC7}.Debug|Any CPU.Deploy.0 = Debug|iPhone
		{E05EEDEC-ECA0-4D16-9F3B-C87E3E529DC7}.Debug|iPhone.ActiveCfg = Debug|iPhone
		{E05EEDEC-ECA0-4D16-9F3B-C87E3E529DC7}.Debug|iPhone.Build.0 = Debug|iPhone
		{E05EEDEC-ECA0-4D16-9F3B-C87E3E529DC7}.Debug|iPhone.Deploy.0 = Debug|iPhone
		{E05EEDEC-ECA0-4D16-9F3B-C87E3E529DC7}.Debug|iPhoneSimulator.ActiveCfg = Debug|iPhoneSimulator
		{E05EEDEC-ECA0-4D16-9F3B-C87E3E529DC7}.Debug|iPhoneSimulator.Build.0 = Debug|iPhoneSimulator
		{E05EEDEC-ECA0-4D16-9F3B-C87E3E529DC7}.Debug|iPhoneSimulator.Deploy.0 = Debug|iPhoneSimulator
		{E05EEDEC-ECA0-4D16-9F3B-C87E3E529DC7}.Release|Any CPU.ActiveCfg = Release|iPhoneSimulator
		{E05EEDEC-ECA0-4D16-9F3B-C87E3E529DC7}.Release|Any CPU.Build.0 = Release|iPhoneSimulator
		{E05EEDEC-ECA0-4D16-9F3B-C87E3E529DC7}.Release|Any CPU.Deploy.0 = Release|iPhoneSimulator
		{E05EEDEC-ECA0-4D16-9F3B-C87E3E529DC7}.Release|iPhone.ActiveCfg = Release|iPhone
		{E05EEDEC-ECA0-4D16-9F3B-C87E3E529DC7}.Release|iPhone.Build.0 = Release|iPhone
		{E05EEDEC-ECA0-4D16-9F3B-C87E3E529DC7}.Release|iPhone.Deploy.0 = Release|iPhone
		{E05EEDEC-ECA0-4D16-9F3B-C87E3E529DC7}.Release|iPhoneSimulator.ActiveCfg = Release|iPhoneSimulator
		{E05EEDEC-ECA0-4D16-9F3B-C87E3E529DC7}.Release|iPhoneSimulator.Build.0 = Release|iPhoneSimulator
		{E05EEDEC-ECA0-4D16-9F3B-C87E3E529DC7}.Release|iPhoneSimulator.Deploy.0 = Release|iPhoneSimulator
		{4EB86F5E-5384-4983-A2E3-A79F04F022FE}.Debug|Any CPU.ActiveCfg = Debug|Any CPU
		{4EB86F5E-5384-4983-A2E3-A79F04F022FE}.Debug|Any CPU.Build.0 = Debug|Any CPU
		{4EB86F5E-5384-4983-A2E3-A79F04F022FE}.Debug|Any CPU.Deploy.0 = Debug|Any CPU
		{4EB86F5E-5384-4983-A2E3-A79F04F022FE}.Debug|iPhone.ActiveCfg = Debug|Any CPU
		{4EB86F5E-5384-4983-A2E3-A79F04F022FE}.Debug|iPhone.Build.0 = Debug|Any CPU
		{4EB86F5E-5384-4983-A2E3-A79F04F022FE}.Debug|iPhone.Deploy.0 = Debug|Any CPU
		{4EB86F5E-5384-4983-A2E3-A79F04F022FE}.Debug|iPhoneSimulator.ActiveCfg = Debug|Any CPU
		{4EB86F5E-5384-4983-A2E3-A79F04F022FE}.Debug|iPhoneSimulator.Build.0 = Debug|Any CPU
		{4EB86F5E-5384-4983-A2E3-A79F04F022FE}.Debug|iPhoneSimulator.Deploy.0 = Debug|Any CPU
		{4EB86F5E-5384-4983-A2E3-A79F04F022FE}.Release|Any CPU.ActiveCfg = Release|Any CPU
		{4EB86F5E-5384-4983-A2E3-A79F04F022FE}.Release|Any CPU.Build.0 = Release|Any CPU
		{4EB86F5E-5384-4983-A2E3-A79F04F022FE}.Release|Any CPU.Deploy.0 = Release|Any CPU
		{4EB86F5E-5384-4983-A2E3-A79F04F022FE}.Release|iPhone.ActiveCfg = Release|Any CPU
		{4EB86F5E-5384-4983-A2E3-A79F04F022FE}.Release|iPhone.Build.0 = Release|Any CPU
		{4EB86F5E-5384-4983-A2E3-A79F04F022FE}.Release|iPhone.Deploy.0 = Release|Any CPU
		{4EB86F5E-5384-4983-A2E3-A79F04F022FE}.Release|iPhoneSimulator.ActiveCfg = Release|Any CPU
		{4EB86F5E-5384-4983-A2E3-A79F04F022FE}.Release|iPhoneSimulator.Build.0 = Release|Any CPU
		{4EB86F5E-5384-4983-A2E3-A79F04F022FE}.Release|iPhoneSimulator.Deploy.0 = Release|Any CPU
	EndGlobalSection
	GlobalSection(SolutionProperties) = preSolution
		HideSolutionNode = FALSE
	EndGlobalSection
	GlobalSection(ExtensibilityGlobals) = postSolution
		SolutionGuid = {B1DCDE9B-7EEA-4D73-BEA5-A18CFDD4EEF9}
	EndGlobalSection
EndGlobal
